
Microsoft Visual Studio Solution File, Format Version 12.00
# Visual Studio 15
VisualStudioVersion = 15.0.28307.136
MinimumVisualStudioVersion = 10.0.40219.1
Project("{FAE04EC0-301F-11D3-BF4B-00C04F79EFBC}") = "DiscoDataRetriever", "DiscoDataRetriever\DiscoDataRetriever.csproj", "{F2FDF947-4AF2-49EA-B6B2-56C9484DF02D}"
EndProject
Project("{FAE04EC0-301F-11D3-BF4B-00C04F79EFBC}") = "Tests", "Tests\Tests.csproj", "{46D47250-5FCF-4F1C-A059-67CEEEDF6C65}"
EndProject
Global
	GlobalSection(SolutionConfigurationPlatforms) = preSolution
		Debug|Any CPU = Debug|Any CPU
		Release|Any CPU = Release|Any CPU
	EndGlobalSection
	GlobalSection(ProjectConfigurationPlatforms) = postSolution
		{F2FDF947-4AF2-49EA-B6B2-56C9484DF02D}.Debug|Any CPU.ActiveCfg = Debug|Any CPU
		{F2FDF947-4AF2-49EA-B6B2-56C9484DF02D}.Debug|Any CPU.Build.0 = Debug|Any CPU
		{F2FDF947-4AF2-49EA-B6B2-56C9484DF02D}.Release|Any CPU.ActiveCfg = Release|Any CPU
		{F2FDF947-4AF2-49EA-B6B2-56C9484DF02D}.Release|Any CPU.Build.0 = Release|Any CPU
		{46D47250-5FCF-4F1C-A059-67CEEEDF6C65}.Debug|Any CPU.ActiveCfg = Debug|Any CPU
		{46D47250-5FCF-4F1C-A059-67CEEEDF6C65}.Debug|Any CPU.Build.0 = Debug|Any CPU
		{46D47250-5FCF-4F1C-A059-67CEEEDF6C65}.Release|Any CPU.ActiveCfg = Release|Any CPU
		{46D47250-5FCF-4F1C-A059-67CEEEDF6C65}.Release|Any CPU.Build.0 = Release|Any CPU
	EndGlobalSection
	GlobalSection(SolutionProperties) = preSolution
		HideSolutionNode = FALSE
	EndGlobalSection
	GlobalSection(ExtensibilityGlobals) = postSolution
		SolutionGuid = {7DBD4CE2-35E6-433F-8FF8-9C4E6F1CFE91}
	EndGlobalSection
EndGlobal
